
Microsoft Visual Studio Solution File, Format Version 12.00
# Visual Studio Version 16
VisualStudioVersion = 16.0.31205.134
MinimumVisualStudioVersion = 10.0.40219.1
Project("{FAE04EC0-301F-11D3-BF4B-00C04F79EFBC}") = "FrequencyDictionary", "FrequencyDictionary\FrequencyDictionary.csproj", "{87AE22DB-FAC4-4A79-ADA5-7D5B21376229}"
EndProject
Global
	GlobalSection(SolutionConfigurationPlatforms) = preSolution
		Debug|Any CPU = Debug|Any CPU
		Release|Any CPU = Release|Any CPU
	EndGlobalSection
	GlobalSection(ProjectConfigurationPlatforms) = postSolution
		{87AE22DB-FAC4-4A79-ADA5-7D5B21376229}.Debug|Any CPU.ActiveCfg = Debug|Any CPU
		{87AE22DB-FAC4-4A79-ADA5-7D5B21376229}.Debug|Any CPU.Build.0 = Debug|Any CPU
		{87AE22DB-FAC4-4A79-ADA5-7D5B21376229}.Release|Any CPU.ActiveCfg = Release|Any CPU
		{87AE22DB-FAC4-4A79-ADA5-7D5B21376229}.Release|Any CPU.Build.0 = Release|Any CPU
	EndGlobalSection
	GlobalSection(SolutionProperties) = preSolution
		HideSolutionNode = FALSE
	EndGlobalSection
	GlobalSection(ExtensibilityGlobals) = postSolution
		SolutionGuid = {AAFBF1F5-FA82-4394-84A2-0910E55A9B2B}
	EndGlobalSection
EndGlobal
